
Microsoft Visual Studio Solution File, Format Version 12.00
# Visual Studio Version 17
VisualStudioVersion = 17.7.34024.191
MinimumVisualStudioVersion = 10.0.40219.1
Project("{FAE04EC0-301F-11D3-BF4B-00C04F79EFBC}") = "Calc_chalange.Android", "Calc_chalange.Android\Calc_chalange.Android.csproj", "{AAC2D7AF-160B-4AD9-82D9-FCB398AE2E03}"
EndProject
Project("{FAE04EC0-301F-11D3-BF4B-00C04F79EFBC}") = "Calc_chalange.iOS", "Calc_chalange.iOS\Calc_chalange.iOS.csproj", "{940BFCD0-B003-4133-93BF-372105DB4326}"
EndProject
Project("{FAE04EC0-301F-11D3-BF4B-00C04F79EFBC}") = "Calc_chalange", "Calc_chalange\Calc_chalange.csproj", "{3E4BB5CF-B667-40BE-9A53-D6488888DB55}"
EndProject
Global
	GlobalSection(SolutionConfigurationPlatforms) = preSolution
		Debug|Any CPU = Debug|Any CPU
		Debug|iPhone = Debug|iPhone
		Debug|iPhoneSimulator = Debug|iPhoneSimulator
		Release|Any CPU = Release|Any CPU
		Release|iPhone = Release|iPhone
		Release|iPhoneSimulator = Release|iPhoneSimulator
	EndGlobalSection
	GlobalSection(ProjectConfigurationPlatforms) = postSolution
		{AAC2D7AF-160B-4AD9-82D9-FCB398AE2E03}.Debug|Any CPU.ActiveCfg = Debug|Any CPU
		{AAC2D7AF-160B-4AD9-82D9-FCB398AE2E03}.Debug|Any CPU.Build.0 = Debug|Any CPU
		{AAC2D7AF-160B-4AD9-82D9-FCB398AE2E03}.Debug|Any CPU.Deploy.0 = Debug|Any CPU
		{AAC2D7AF-160B-4AD9-82D9-FCB398AE2E03}.Debug|iPhone.ActiveCfg = Debug|Any CPU
		{AAC2D7AF-160B-4AD9-82D9-FCB398AE2E03}.Debug|iPhone.Build.0 = Debug|Any CPU
		{AAC2D7AF-160B-4AD9-82D9-FCB398AE2E03}.Debug|iPhone.Deploy.0 = Debug|Any CPU
		{AAC2D7AF-160B-4AD9-82D9-FCB398AE2E03}.Debug|iPhoneSimulator.ActiveCfg = Debug|Any CPU
		{AAC2D7AF-160B-4AD9-82D9-FCB398AE2E03}.Debug|iPhoneSimulator.Build.0 = Debug|Any CPU
		{AAC2D7AF-160B-4AD9-82D9-FCB398AE2E03}.Debug|iPhoneSimulator.Deploy.0 = Debug|Any CPU
		{AAC2D7AF-160B-4AD9-82D9-FCB398AE2E03}.Release|Any CPU.ActiveCfg = Release|Any CPU
		{AAC2D7AF-160B-4AD9-82D9-FCB398AE2E03}.Release|Any CPU.Build.0 = Release|Any CPU
		{AAC2D7AF-160B-4AD9-82D9-FCB398AE2E03}.Release|Any CPU.Deploy.0 = Release|Any CPU
		{AAC2D7AF-160B-4AD9-82D9-FCB398AE2E03}.Release|iPhone.ActiveCfg = Release|Any CPU
		{AAC2D7AF-160B-4AD9-82D9-FCB398AE2E03}.Release|iPhone.Build.0 = Release|Any CPU
		{AAC2D7AF-160B-4AD9-82D9-FCB398AE2E03}.Release|iPhone.Deploy.0 = Release|Any CPU
		{AAC2D7AF-160B-4AD9-82D9-FCB398AE2E03}.Release|iPhoneSimulator.ActiveCfg = Release|Any CPU
		{AAC2D7AF-160B-4AD9-82D9-FCB398AE2E03}.Release|iPhoneSimulator.Build.0 = Release|Any CPU
		{AAC2D7AF-160B-4AD9-82D9-FCB398AE2E03}.Release|iPhoneSimulator.Deploy.0 = Release|Any CPU
		{940BFCD0-B003-4133-93BF-372105DB4326}.Debug|Any CPU.ActiveCfg = Debug|iPhone
		{940BFCD0-B003-4133-93BF-372105DB4326}.Debug|Any CPU.Build.0 = Debug|iPhone
		{940BFCD0-B003-4133-93BF-372105DB4326}.Debug|Any CPU.Deploy.0 = Debug|iPhone
		{940BFCD0-B003-4133-93BF-372105DB4326}.Debug|iPhone.ActiveCfg = Debug|iPhone
		{940BFCD0-B003-4133-93BF-372105DB4326}.Debug|iPhone.Build.0 = Debug|iPhone
		{940BFCD0-B003-4133-93BF-372105DB4326}.Debug|iPhone.Deploy.0 = Debug|iPhone
		{940BFCD0-B003-4133-93BF-372105DB4326}.Debug|iPhoneSimulator.ActiveCfg = Debug|iPhoneSimulator
		{940BFCD0-B003-4133-93BF-372105DB4326}.Debug|iPhoneSimulator.Build.0 = Debug|iPhoneSimulator
		{940BFCD0-B003-4133-93BF-372105DB4326}.Debug|iPhoneSimulator.Deploy.0 = Debug|iPhoneSimulator
		{940BFCD0-B003-4133-93BF-372105DB4326}.Release|Any CPU.ActiveCfg = Release|iPhoneSimulator
		{940BFCD0-B003-4133-93BF-372105DB4326}.Release|Any CPU.Build.0 = Release|iPhoneSimulator
		{940BFCD0-B003-4133-93BF-372105DB4326}.Release|Any CPU.Deploy.0 = Release|iPhoneSimulator
		{940BFCD0-B003-4133-93BF-372105DB4326}.Release|iPhone.ActiveCfg = Release|iPhone
		{940BFCD0-B003-4133-93BF-372105DB4326}.Release|iPhone.Build.0 = Release|iPhone
		{940BFCD0-B003-4133-93BF-372105DB4326}.Release|iPhone.Deploy.0 = Release|iPhone
		{940BFCD0-B003-4133-93BF-372105DB4326}.Release|iPhoneSimulator.ActiveCfg = Release|iPhoneSimulator
		{940BFCD0-B003-4133-93BF-372105DB4326}.Release|iPhoneSimulator.Build.0 = Release|iPhoneSimulator
		{940BFCD0-B003-4133-93BF-372105DB4326}.Release|iPhoneSimulator.Deploy.0 = Release|iPhoneSimulator
		{3E4BB5CF-B667-40BE-9A53-D6488888DB55}.Debug|Any CPU.ActiveCfg = Debug|Any CPU
		{3E4BB5CF-B667-40BE-9A53-D6488888DB55}.Debug|Any CPU.Build.0 = Debug|Any CPU
		{3E4BB5CF-B667-40BE-9A53-D6488888DB55}.Debug|Any CPU.Deploy.0 = Debug|Any CPU
		{3E4BB5CF-B667-40BE-9A53-D6488888DB55}.Debug|iPhone.ActiveCfg = Debug|Any CPU
		{3E4BB5CF-B667-40BE-9A53-D6488888DB55}.Debug|iPhone.Build.0 = Debug|Any CPU
		{3E4BB5CF-B667-40BE-9A53-D6488888DB55}.Debug|iPhone.Deploy.0 = Debug|Any CPU
		{3E4BB5CF-B667-40BE-9A53-D6488888DB55}.Debug|iPhoneSimulator.ActiveCfg = Debug|Any CPU
		{3E4BB5CF-B667-40BE-9A53-D6488888DB55}.Debug|iPhoneSimulator.Build.0 = Debug|Any CPU
		{3E4BB5CF-B667-40BE-9A53-D6488888DB55}.Debug|iPhoneSimulator.Deploy.0 = Debug|Any CPU
		{3E4BB5CF-B667-40BE-9A53-D6488888DB55}.Release|Any CPU.ActiveCfg = Release|Any CPU
		{3E4BB5CF-B667-40BE-9A53-D6488888DB55}.Release|Any CPU.Build.0 = Release|Any CPU
		{3E4BB5CF-B667-40BE-9A53-D6488888DB55}.Release|Any CPU.Deploy.0 = Release|Any CPU
		{3E4BB5CF-B667-40BE-9A53-D6488888DB55}.Release|iPhone.ActiveCfg = Release|Any CPU
		{3E4BB5CF-B667-40BE-9A53-D6488888DB55}.Release|iPhone.Build.0 = Release|Any CPU
		{3E4BB5CF-B667-40BE-9A53-D6488888DB55}.Release|iPhone.Deploy.0 = Release|Any CPU
		{3E4BB5CF-B667-40BE-9A53-D6488888DB55}.Release|iPhoneSimulator.ActiveCfg = Release|Any CPU
		{3E4BB5CF-B667-40BE-9A53-D6488888DB55}.Release|iPhoneSimulator.Build.0 = Release|Any CPU
		{3E4BB5CF-B667-40BE-9A53-D6488888DB55}.Release|iPhoneSimulator.Deploy.0 = Release|Any CPU
	EndGlobalSection
	GlobalSection(SolutionProperties) = preSolution
		HideSolutionNode = FALSE
	EndGlobalSection
	GlobalSection(ExtensibilityGlobals) = postSolution
		SolutionGuid = {81523F1A-C852-438E-B981-EA0C42AE5A06}
	EndGlobalSection
EndGlobal
